PODS:
  - cached_video_player_plus (1.0.0):
    - Flutter
    - KTVHTTPCache (~> 2.0.0)
  - CocoaAsyncSocket (7.6.5)
  - Flutter (1.0.0)
  - KTVCocoaHTTPServer (1.0.0):
    - CocoaAsyncSocket
  - KTVHTTPCache (2.0.1):
    - KTVCocoaHTTPServer

DEPENDENCIES:
  - cached_video_player_plus (from `.symlinks/plugins/cached_video_player_plus/ios`)
  - Flutter (from `Flutter`)

SPEC REPOS:
  trunk:
    - CocoaAsyncSocket
    - KTVCocoaHTTPServer
    - KTVHTTPCache

EXTERNAL SOURCES:
  cached_video_player_plus:
    :path: ".symlinks/plugins/cached_video_player_plus/ios"
  Flutter:
    :path: Flutter

SPEC CHECKSUMS:
  cached_video_player_plus: 5f947b89571b6279c5e7d6732f3b037f08baf85a
  CocoaAsyncSocket: 065fd1e645c7abab64f7a6a2007a48038fdc6a99
  Flutter: f04841e97a9d0b0a8025694d0796dd46242b2854
  KTVCocoaHTTPServer: df8d7b861e603ff8037e9b2138aca2563a6b768d
  KTVHTTPCache: 588c3eb16f6bd1e6fde1e230dabfb7bd4e490a4d

PODFILE CHECKSUM: 02caaa843f6501172c0d470d80e72f61175c8b93

COCOAPODS: 1.14.3
